
Microsoft Visual Studio Solution File, Format Version 12.00
# Visual Studio 15
VisualStudioVersion = 15.0.27130.2010
MinimumVisualStudioVersion = 10.0.40219.1
Project("{9A19103F-16F7-4668-BE54-9A1E7A4F7556}") = "Sample.ConsoleServer", "Sample.ConsoleServer\Sample.ConsoleServer.csproj", "{524A042A-777D-4B8C-9A50-73FCDF67BEE0}"
EndProject
Project("{9A19103F-16F7-4668-BE54-9A1E7A4F7556}") = "Sample.WebClient", "Sample.Client\Sample.WebClient.csproj", "{2E59FCBA-4518-40B6-AE2B-19089355EA88}"
EndProject
Project("{9A19103F-16F7-4668-BE54-9A1E7A4F7556}") = "Sample.Infrastructure.EventSourcing", "Sample.Infrastructure\Sample.Infrastructure.EventSourcing.csproj", "{65E1AC0C-908A-4994-8FCE-1FA384562EB8}"
EndProject
Project("{9A19103F-16F7-4668-BE54-9A1E7A4F7556}") = "Sample.UserManagement", "Sample.UserManagement\Sample.UserManagement.csproj", "{4534D5E9-3237-4F98-85F0-8000854B7F91}"
EndProject
Project("{9A19103F-16F7-4668-BE54-9A1E7A4F7556}") = "Sample.UserManagement.Contract", "Sample.UserManagement.Contract\Sample.UserManagement.Contract.csproj", "{8A7B08F5-891B-4B85-B4A5-6114316B0085}"
EndProject
Project("{2150E333-8FDC-42A3-9474-1A3956D46DE8}") = "UserManagement", "UserManagement", "{CCCC9953-CEE6-47DD-8656-713C86811A12}"
EndProject
Project("{9A19103F-16F7-4668-BE54-9A1E7A4F7556}") = "Sample.UserManagement.Domain", "Sample.UserManagement.Domain\Sample.UserManagement.Domain.csproj", "{1BC17BC9-EB72-4CD9-9D47-D08A24454F78}"
EndProject
Project("{9A19103F-16F7-4668-BE54-9A1E7A4F7556}") = "Sample.Infrastructure.Remoting", "Sample.Infrastructure.Remoting\Sample.Infrastructure.Remoting.csproj", "{BB2F880F-509E-4BCA-A91D-988E4B5AE767}"
EndProject
Project("{9A19103F-16F7-4668-BE54-9A1E7A4F7556}") = "Sample.Infrastructure.Remoting.Rabbit", "Sample.Infrastructure.Remoting.RabbitMq\Sample.Infrastructure.Remoting.Rabbit.csproj", "{78BA3748-E9F4-443B-A9AC-71C8E1C69323}"
EndProject
Project("{2150E333-8FDC-42A3-9474-1A3956D46DE8}") = "samples", "samples", "{640E6D1A-9F7D-4282-9531-54626421CEA4}"
EndProject
Project("{9A19103F-16F7-4668-BE54-9A1E7A4F7556}") = "Sample.ConsoleClient", "Sample.ConsoleClient\Sample.ConsoleClient.csproj", "{1E680DB6-52B7-4F1D-B964-909C2BD2E6EB}"
EndProject
Project("{9A19103F-16F7-4668-BE54-9A1E7A4F7556}") = "Sample.WebApplication", "Sample.WebApplication\Sample.WebApplication.csproj", "{5DAC511C-F40B-4B13-82E2-B2A3243093A6}"
EndProject
Project("{FAE04EC0-301F-11D3-BF4B-00C04F79EFBC}") = "Sample.Infrastructure.AggregateCache", "Sample.Infrastructure.AggregateCache\Sample.Infrastructure.AggregateCache.csproj", "{CBC96507-854F-437C-8A39-4003A4FE6F58}"
EndProject
Project("{FAE04EC0-301F-11D3-BF4B-00C04F79EFBC}") = "Sample.Infrastructure.EventStore", "Sample.Infrastructure.EventStore\Sample.Infrastructure.EventStore.csproj", "{18983C20-FCCF-47B4-A383-7F164B79E578}"
EndProject
Project("{FAE04EC0-301F-11D3-BF4B-00C04F79EFBC}") = "Sample.Infrastructure.Redis", "Sample.Infrastructure.Redis\Sample.Infrastructure.Redis.csproj", "{E5D294ED-EEDA-483A-BE2C-5D7C4C476219}"
EndProject
Global
	GlobalSection(SolutionConfigurationPlatforms) = preSolution
		Debug|Any CPU = Debug|Any CPU
		Release|Any CPU = Release|Any CPU
	EndGlobalSection
	GlobalSection(ProjectConfigurationPlatforms) = postSolution
		{524A042A-777D-4B8C-9A50-73FCDF67BEE0}.Debug|Any CPU.ActiveCfg = Debug|Any CPU
		{524A042A-777D-4B8C-9A50-73FCDF67BEE0}.Debug|Any CPU.Build.0 = Debug|Any CPU
		{524A042A-777D-4B8C-9A50-73FCDF67BEE0}.Release|Any CPU.ActiveCfg = Release|Any CPU
		{524A042A-777D-4B8C-9A50-73FCDF67BEE0}.Release|Any CPU.Build.0 = Release|Any CPU
		{2E59FCBA-4518-40B6-AE2B-19089355EA88}.Debug|Any CPU.ActiveCfg = Debug|Any CPU
		{2E59FCBA-4518-40B6-AE2B-19089355EA88}.Debug|Any CPU.Build.0 = Debug|Any CPU
		{2E59FCBA-4518-40B6-AE2B-19089355EA88}.Release|Any CPU.ActiveCfg = Release|Any CPU
		{2E59FCBA-4518-40B6-AE2B-19089355EA88}.Release|Any CPU.Build.0 = Release|Any CPU
		{65E1AC0C-908A-4994-8FCE-1FA384562EB8}.Debug|Any CPU.ActiveCfg = Debug|Any CPU
		{65E1AC0C-908A-4994-8FCE-1FA384562EB8}.Debug|Any CPU.Build.0 = Debug|Any CPU
		{65E1AC0C-908A-4994-8FCE-1FA384562EB8}.Release|Any CPU.ActiveCfg = Release|Any CPU
		{65E1AC0C-908A-4994-8FCE-1FA384562EB8}.Release|Any CPU.Build.0 = Release|Any CPU
		{4534D5E9-3237-4F98-85F0-8000854B7F91}.Debug|Any CPU.ActiveCfg = Debug|Any CPU
		{4534D5E9-3237-4F98-85F0-8000854B7F91}.Debug|Any CPU.Build.0 = Debug|Any CPU
		{4534D5E9-3237-4F98-85F0-8000854B7F91}.Release|Any CPU.ActiveCfg = Release|Any CPU
		{4534D5E9-3237-4F98-85F0-8000854B7F91}.Release|Any CPU.Build.0 = Release|Any CPU
		{8A7B08F5-891B-4B85-B4A5-6114316B0085}.Debug|Any CPU.ActiveCfg = Debug|Any CPU
		{8A7B08F5-891B-4B85-B4A5-6114316B0085}.Debug|Any CPU.Build.0 = Debug|Any CPU
		{8A7B08F5-891B-4B85-B4A5-6114316B0085}.Release|Any CPU.ActiveCfg = Release|Any CPU
		{8A7B08F5-891B-4B85-B4A5-6114316B0085}.Release|Any CPU.Build.0 = Release|Any CPU
		{1BC17BC9-EB72-4CD9-9D47-D08A24454F78}.Debug|Any CPU.ActiveCfg = Debug|Any CPU
		{1BC17BC9-EB72-4CD9-9D47-D08A24454F78}.Debug|Any CPU.Build.0 = Debug|Any CPU
		{1BC17BC9-EB72-4CD9-9D47-D08A24454F78}.Release|Any CPU.ActiveCfg = Release|Any CPU
		{1BC17BC9-EB72-4CD9-9D47-D08A24454F78}.Release|Any CPU.Build.0 = Release|Any CPU
		{BB2F880F-509E-4BCA-A91D-988E4B5AE767}.Debug|Any CPU.ActiveCfg = Debug|Any CPU
		{BB2F880F-509E-4BCA-A91D-988E4B5AE767}.Debug|Any CPU.Build.0 = Debug|Any CPU
		{BB2F880F-509E-4BCA-A91D-988E4B5AE767}.Release|Any CPU.ActiveCfg = Release|Any CPU
		{BB2F880F-509E-4BCA-A91D-988E4B5AE767}.Release|Any CPU.Build.0 = Release|Any CPU
		{78BA3748-E9F4-443B-A9AC-71C8E1C69323}.Debug|Any CPU.ActiveCfg = Debug|Any CPU
		{78BA3748-E9F4-443B-A9AC-71C8E1C69323}.Debug|Any CPU.Build.0 = Debug|Any CPU
		{78BA3748-E9F4-443B-A9AC-71C8E1C69323}.Release|Any CPU.ActiveCfg = Release|Any CPU
		{78BA3748-E9F4-443B-A9AC-71C8E1C69323}.Release|Any CPU.Build.0 = Release|Any CPU
		{1E680DB6-52B7-4F1D-B964-909C2BD2E6EB}.Debug|Any CPU.ActiveCfg = Debug|Any CPU
		{1E680DB6-52B7-4F1D-B964-909C2BD2E6EB}.Debug|Any CPU.Build.0 = Debug|Any CPU
		{1E680DB6-52B7-4F1D-B964-909C2BD2E6EB}.Release|Any CPU.ActiveCfg = Release|Any CPU
		{1E680DB6-52B7-4F1D-B964-909C2BD2E6EB}.Release|Any CPU.Build.0 = Release|Any CPU
		{5DAC511C-F40B-4B13-82E2-B2A3243093A6}.Debug|Any CPU.ActiveCfg = Debug|Any CPU
		{5DAC511C-F40B-4B13-82E2-B2A3243093A6}.Debug|Any CPU.Build.0 = Debug|Any CPU
		{5DAC511C-F40B-4B13-82E2-B2A3243093A6}.Release|Any CPU.ActiveCfg = Release|Any CPU
		{5DAC511C-F40B-4B13-82E2-B2A3243093A6}.Release|Any CPU.Build.0 = Release|Any CPU
		{CBC96507-854F-437C-8A39-4003A4FE6F58}.Debug|Any CPU.ActiveCfg = Debug|Any CPU
		{CBC96507-854F-437C-8A39-4003A4FE6F58}.Debug|Any CPU.Build.0 = Debug|Any CPU
		{CBC96507-854F-437C-8A39-4003A4FE6F58}.Release|Any CPU.ActiveCfg = Release|Any CPU
		{CBC96507-854F-437C-8A39-4003A4FE6F58}.Release|Any CPU.Build.0 = Release|Any CPU
		{18983C20-FCCF-47B4-A383-7F164B79E578}.Debug|Any CPU.ActiveCfg = Debug|Any CPU
		{18983C20-FCCF-47B4-A383-7F164B79E578}.Debug|Any CPU.Build.0 = Debug|Any CPU
		{18983C20-FCCF-47B4-A383-7F164B79E578}.Release|Any CPU.ActiveCfg = Release|Any CPU
		{18983C20-FCCF-47B4-A383-7F164B79E578}.Release|Any CPU.Build.0 = Release|Any CPU
		{E5D294ED-EEDA-483A-BE2C-5D7C4C476219}.Debug|Any CPU.ActiveCfg = Debug|Any CPU
		{E5D294ED-EEDA-483A-BE2C-5D7C4C476219}.Debug|Any CPU.Build.0 = Debug|Any CPU
		{E5D294ED-EEDA-483A-BE2C-5D7C4C476219}.Release|Any CPU.ActiveCfg = Release|Any CPU
		{E5D294ED-EEDA-483A-BE2C-5D7C4C476219}.Release|Any CPU.Build.0 = Release|Any CPU
	EndGlobalSection
	GlobalSection(SolutionProperties) = preSolution
		HideSolutionNode = FALSE
	EndGlobalSection
	GlobalSection(NestedProjects) = preSolution
		{524A042A-777D-4B8C-9A50-73FCDF67BEE0} = {640E6D1A-9F7D-4282-9531-54626421CEA4}
		{2E59FCBA-4518-40B6-AE2B-19089355EA88} = {640E6D1A-9F7D-4282-9531-54626421CEA4}
		{4534D5E9-3237-4F98-85F0-8000854B7F91} = {CCCC9953-CEE6-47DD-8656-713C86811A12}
		{8A7B08F5-891B-4B85-B4A5-6114316B0085} = {CCCC9953-CEE6-47DD-8656-713C86811A12}
		{CCCC9953-CEE6-47DD-8656-713C86811A12} = {640E6D1A-9F7D-4282-9531-54626421CEA4}
		{1BC17BC9-EB72-4CD9-9D47-D08A24454F78} = {CCCC9953-CEE6-47DD-8656-713C86811A12}
		{1E680DB6-52B7-4F1D-B964-909C2BD2E6EB} = {640E6D1A-9F7D-4282-9531-54626421CEA4}
		{5DAC511C-F40B-4B13-82E2-B2A3243093A6} = {640E6D1A-9F7D-4282-9531-54626421CEA4}
	EndGlobalSection
	GlobalSection(ExtensibilityGlobals) = postSolution
		SolutionGuid = {C296E0A6-B370-4D57-9A10-6088AD879EE1}
	EndGlobalSection
EndGlobal
